// !$*UTF8*$!
{
	archiveVersion = 1;
	classes = {
	};
	objectVersion = 55;
	objects = {

/* Begin PBXBuildFile section */
		32A01A282817D7760041389C /* Soccer_MatchApp.swift in Sources */ = {isa = PBXBuildFile; fileRef = 32A01A272817D7760041389C /* Soccer_MatchApp.swift */; };
		32A01A2A2817D7760041389C /* ContentView.swift in Sources */ = {isa = PBXBuildFile; fileRef = 32A01A292817D7760041389C /* ContentView.swift */; };
		32A01A2C2817D7760041389C /* Assets.xcassets in Resources */ = {isa = PBXBuildFile; fileRef = 32A01A2B2817D7760041389C /* Assets.xcassets */; };
		32A01A2F2817D7760041389C /* Preview Assets.xcassets in Resources */ = {isa = PBXBuildFile; fileRef = 32A01A2E2817D7760041389C /* Preview Assets.xcassets */; };
		32A01A392817D7770041389C /* Soccer_MatchTests.swift in Sources */ = {isa = PBXBuildFile; fileRef = 32A01A382817D7770041389C /* Soccer_MatchTests.swift */; };
		32A01A432817D7770041389C /* Soccer_MatchUITests.swift in Sources */ = {isa = PBXBuildFile; fileRef = 32A01A422817D7770041389C /* Soccer_MatchUITests.swift */; };
		32A01A452817D7770041389C /* Soccer_MatchUITestsLaunchTests.swift in Sources */ = {isa = PBXBuildFile; fileRef = 32A01A442817D7770041389C /* Soccer_MatchUITestsLaunchTests.swift */; };
		32A01A532817D8A90041389C /* LaunchPageView.swift in Sources */ = {isa = PBXBuildFile; fileRef = 32A01A522817D8A90041389C /* LaunchPageView.swift */; };
		32A01A612817E7820041389C /* BM JUA_OTF.otf in Resources */ = {isa = PBXBuildFile; fileRef = 32A01A602817E7820041389C /* BM JUA_OTF.otf */; };
		32A01A622817E7980041389C /* Soccer-Match-Info.plist in Resources */ = {isa = PBXBuildFile; fileRef = 32A01A592817E5F40041389C /* Soccer-Match-Info.plist */; };
		32AC128628180C29001F1A0A /* LoginPageView.swift in Sources */ = {isa = PBXBuildFile; fileRef = 32AC128528180C29001F1A0A /* LoginPageView.swift */; };
		32AD772D28181C4D0031D97D /* MainPageView.swift in Sources */ = {isa = PBXBuildFile; fileRef = 32AD772C28181C4D0031D97D /* MainPageView.swift */; };
		32AD772F281827930031D97D /* GmarketSansTTFMedium.ttf in Resources */ = {isa = PBXBuildFile; fileRef = 32AD772E281827930031D97D /* GmarketSansTTFMedium.ttf */; };
		32AD773128182E2D0031D97D /* MainButtonStyle.swift in Sources */ = {isa = PBXBuildFile; fileRef = 32AD773028182E2D0031D97D /* MainButtonStyle.swift */; };
/* End PBXBuildFile section */

/* Begin PBXContainerItemProxy section */
		32A01A352817D7770041389C /* PBXContainerItemProxy */ = {
			isa = PBXContainerItemProxy;
			containerPortal = 32A01A1C2817D7760041389C /* Project object */;
			proxyType = 1;
			remoteGlobalIDString = 32A01A232817D7760041389C;
			remoteInfo = Soccer_Match;
		};
		32A01A3F2817D7770041389C /* PBXContainerItemProxy */ = {
			isa = PBXContainerItemProxy;
			containerPortal = 32A01A1C2817D7760041389C /* Project object */;
			proxyType = 1;
			remoteGlobalIDString = 32A01A232817D7760041389C;
			remoteInfo = Soccer_Match;
		};
/* End PBXContainerItemProxy section */

/* Begin PBXFileReference section */
		32A01A242817D7760041389C /* Soccer_Match.app */ = {isa = PBXFileReference; explicitFileType = wrapper.application; includeInIndex = 0; path = Soccer_Match.app; sourceTree = BUILT_PRODUCTS_DIR; };
		32A01A272817D7760041389C /* Soccer_MatchApp.swift */ = {isa = PBXFileReference; lastKnownFileType = sourcecode.swift; path = Soccer_MatchApp.swift; sourceTree = "<group>"; };
		32A01A292817D7760041389C /* ContentView.swift */ = {isa = PBXFileReference; lastKnownFileType = sourcecode.swift; path = ContentView.swift; sourceTree = "<group>"; };
		32A01A2B2817D7760041389C /* Assets.xcassets */ = {isa = PBXFileReference; lastKnownFileType = folder.assetcatalog; path = Assets.xcassets; sourceTree = "<group>"; };
		32A01A2E2817D7760041389C /* Preview Assets.xcassets */ = {isa = PBXFileReference; lastKnownFileType = folder.assetcatalog; path = "Preview Assets.xcassets"; sourceTree = "<group>"; };
		32A01A342817D7770041389C /* Soccer_MatchTests.xctest */ = {isa = PBXFileReference; explicitFileType = wrapper.cfbundle; includeInIndex = 0; path = Soccer_MatchTests.xctest; sourceTree = BUILT_PRODUCTS_DIR; };
		32A01A382817D7770041389C /* Soccer_MatchTests.swift */ = {isa = PBXFileReference; lastKnownFileType = sourcecode.swift; path = Soccer_MatchTests.swift; sourceTree = "<group>"; };
		32A01A3E2817D7770041389C /* Soccer_MatchUITests.xctest */ = {isa = PBXFileReference; explicitFileType = wrapper.cfbundle; includeInIndex = 0; path = Soccer_MatchUITests.xctest; sourceTree = BUILT_PRODUCTS_DIR; };
		32A01A422817D7770041389C /* Soccer_MatchUITests.swift */ = {isa = PBXFileReference; lastKnownFileType = sourcecode.swift; path = Soccer_MatchUITests.swift; sourceTree = "<group>"; };
		32A01A442817D7770041389C /* Soccer_MatchUITestsLaunchTests.swift */ = {isa = PBXFileReference; lastKnownFileType = sourcecode.swift; path = Soccer_MatchUITestsLaunchTests.swift; sourceTree = "<group>"; };
		32A01A522817D8A90041389C /* LaunchPageView.swift */ = {isa = PBXFileReference; lastKnownFileType = sourcecode.swift; path = LaunchPageView.swift; sourceTree = "<group>"; };
		32A01A592817E5F40041389C /* Soccer-Match-Info.plist */ = {isa = PBXFileReference; lastKnownFileType = text.plist; path = "Soccer-Match-Info.plist"; sourceTree = SOURCE_ROOT; };
		32A01A602817E7820041389C /* BM JUA_OTF.otf */ = {isa = PBXFileReference; lastKnownFileType = file; path = "BM JUA_OTF.otf"; sourceTree = "<group>"; };
		32AC128528180C29001F1A0A /* LoginPageView.swift */ = {isa = PBXFileReference; lastKnownFileType = sourcecode.swift; path = LoginPageView.swift; sourceTree = "<group>"; };
		32AD772C28181C4D0031D97D /* MainPageView.swift */ = {isa = PBXFileReference; lastKnownFileType = sourcecode.swift; path = MainPageView.swift; sourceTree = "<group>"; };
		32AD772E281827930031D97D /* GmarketSansTTFMedium.ttf */ = {isa = PBXFileReference; lastKnownFileType = file; path = GmarketSansTTFMedium.ttf; sourceTree = "<group>"; };
		32AD773028182E2D0031D97D /* MainButtonStyle.swift */ = {isa = PBXFileReference; lastKnownFileType = sourcecode.swift; path = MainButtonStyle.swift; sourceTree = "<group>"; };
/* End PBXFileReference section */

/* Begin PBXFrameworksBuildPhase section */
		32A01A212817D7760041389C /* Frameworks */ = {
			isa = PBXFrameworksBuildPhase;
			buildActionMask = 2147483647;
			files = (
			);
			runOnlyForDeploymentPostprocessing = 0;
		};
		32A01A312817D7770041389C /* Frameworks */ = {
			isa = PBXFrameworksBuildPhase;
			buildActionMask = 2147483647;
			files = (
			);
			runOnlyForDeploymentPostprocessing = 0;
		};
		32A01A3B2817D7770041389C /* Frameworks */ = {
			isa = PBXFrameworksBuildPhase;
			buildActionMask = 2147483647;
			files = (
			);
			runOnlyForDeploymentPostprocessing = 0;
		};
/* End PBXFrameworksBuildPhase section */

/* Begin PBXGroup section */
		32A01A1B2817D7760041389C = {
			isa = PBXGroup;
			children = (
				32A01A262817D7760041389C /* Soccer_Match */,
				32A01A372817D7770041389C /* Soccer_MatchTests */,
				32A01A412817D7770041389C /* Soccer_MatchUITests */,
				32A01A252817D7760041389C /* Products */,
			);
			sourceTree = "<group>";
		};
		32A01A252817D7760041389C /* Products */ = {
			isa = PBXGroup;
			children = (
				32A01A242817D7760041389C /* Soccer_Match.app */,
				32A01A342817D7770041389C /* Soccer_MatchTests.xctest */,
				32A01A3E2817D7770041389C /* Soccer_MatchUITests.xctest */,
			);
			name = Products;
			sourceTree = "<group>";
		};
		32A01A262817D7760041389C /* Soccer_Match */ = {
			isa = PBXGroup;
			children = (
				32AD772B28181C2E0031D97D /* MainPage */,
				32AC128428180C05001F1A0A /* LoginPage */,
				32A01A592817E5F40041389C /* Soccer-Match-Info.plist */,
				32A01A542817E3570041389C /* Font */,
				32A01A272817D7760041389C /* Soccer_MatchApp.swift */,
				32A01A522817D8A90041389C /* LaunchPageView.swift */,
				32A01A292817D7760041389C /* ContentView.swift */,
				32A01A2B2817D7760041389C /* Assets.xcassets */,
				32A01A2D2817D7760041389C /* Preview Content */,
				32AD773028182E2D0031D97D /* MainButtonStyle.swift */,
			);
			path = Soccer_Match;
			sourceTree = "<group>";
		};
		32A01A2D2817D7760041389C /* Preview Content */ = {
			isa = PBXGroup;
			children = (
				32A01A2E2817D7760041389C /* Preview Assets.xcassets */,
			);
			path = "Preview Content";
			sourceTree = "<group>";
		};
		32A01A372817D7770041389C /* Soccer_MatchTests */ = {
			isa = PBXGroup;
			children = (
				32A01A382817D7770041389C /* Soccer_MatchTests.swift */,
			);
			path = Soccer_MatchTests;
			sourceTree = "<group>";
		};
		32A01A412817D7770041389C /* Soccer_MatchUITests */ = {
			isa = PBXGroup;
			children = (
				32A01A422817D7770041389C /* Soccer_MatchUITests.swift */,
				32A01A442817D7770041389C /* Soccer_MatchUITestsLaunchTests.swift */,
			);
			path = Soccer_MatchUITests;
			sourceTree = "<group>";
		};
		32A01A542817E3570041389C /* Font */ = {
			isa = PBXGroup;
			children = (
				32AD772E281827930031D97D /* GmarketSansTTFMedium.ttf */,
				32A01A602817E7820041389C /* BM JUA_OTF.otf */,
			);
			path = Font;
			sourceTree = "<group>";
		};
		32AC128428180C05001F1A0A /* LoginPage */ = {
			isa = PBXGroup;
			children = (
				32AC128528180C29001F1A0A /* LoginPageView.swift */,
			);
			path = LoginPage;
			sourceTree = "<group>";
		};
		32AD772B28181C2E0031D97D /* MainPage */ = {
			isa = PBXGroup;
			children = (
				32AD772C28181C4D0031D97D /* MainPageView.swift */,
			);
			path = MainPage;
			sourceTree = "<group>";
		};
/* End PBXGroup section */

/* Begin PBXNativeTarget section */
		32A01A232817D7760041389C /* Soccer_Match */ = {
			isa = PBXNativeTarget;
			buildConfigurationList = 32A01A482817D7770041389C /* Build configuration list for PBXNativeTarget "Soccer_Match" */;
			buildPhases = (
				32A01A202817D7760041389C /* Sources */,
				32A01A212817D7760041389C /* Frameworks */,
				32A01A222817D7760041389C /* Resources */,
			);
			buildRules = (
			);
			dependencies = (
			);
			name = Soccer_Match;
			productName = Soccer_Match;
			productReference = 32A01A242817D7760041389C /* Soccer_Match.app */;
			productType = "com.apple.product-type.application";
		};
		32A01A332817D7770041389C /* Soccer_MatchTests */ = {
			isa = PBXNativeTarget;
			buildConfigurationList = 32A01A4B2817D7770041389C /* Build configuration list for PBXNativeTarget "Soccer_MatchTests" */;
			buildPhases = (
				32A01A302817D7770041389C /* Sources */,
				32A01A312817D7770041389C /* Frameworks */,
				32A01A322817D7770041389C /* Resources */,
			);
			buildRules = (
			);
			dependencies = (
				32A01A362817D7770041389C /* PBXTargetDependency */,
			);
			name = Soccer_MatchTests;
			productName = Soccer_MatchTests;
			productReference = 32A01A342817D7770041389C /* Soccer_MatchTests.xctest */;
			productType = "com.apple.product-type.bundle.unit-test";
		};
		32A01A3D2817D7770041389C /* Soccer_MatchUITests */ = {
			isa = PBXNativeTarget;
			buildConfigurationList = 32A01A4E2817D7770041389C /* Build configuration list for PBXNativeTarget "Soccer_MatchUITests" */;
			buildPhases = (
				32A01A3A2817D7770041389C /* Sources */,
				32A01A3B2817D7770041389C /* Frameworks */,
				32A01A3C2817D7770041389C /* Resources */,
			);
			buildRules = (
			);
			dependencies = (
				32A01A402817D7770041389C /* PBXTargetDependency */,
			);
			name = Soccer_MatchUITests;
			productName = Soccer_MatchUITests;
			productReference = 32A01A3E2817D7770041389C /* Soccer_MatchUITests.xctest */;
			productType = "com.apple.product-type.bundle.ui-testing";
		};
/* End PBXNativeTarget section */

/* Begin PBXProject section */
		32A01A1C2817D7760041389C /* Project object */ = {
			isa = PBXProject;
			attributes = {
				BuildIndependentTargetsInParallel = 1;
				LastSwiftUpdateCheck = 1330;
				LastUpgradeCheck = 1330;
				TargetAttributes = {
					32A01A232817D7760041389C = {
						CreatedOnToolsVersion = 13.3;
					};
					32A01A332817D7770041389C = {
						CreatedOnToolsVersion = 13.3;
						TestTargetID = 32A01A232817D7760041389C;
					};
					32A01A3D2817D7770041389C = {
						CreatedOnToolsVersion = 13.3;
						TestTargetID = 32A01A232817D7760041389C;
					};
				};
			};
			buildConfigurationList = 32A01A1F2817D7760041389C /* Build configuration list for PBXProject "Soccer_Match" */;
			compatibilityVersion = "Xcode 13.0";
			developmentRegion = en;
			hasScannedForEncodings = 0;
			knownRegions = (
				en,
				Base,
			);
			mainGroup = 32A01A1B2817D7760041389C;
			productRefGroup = 32A01A252817D7760041389C /* Products */;
			projectDirPath = "";
			projectRoot = "";
			targets = (
				32A01A232817D7760041389C /* Soccer_Match */,
				32A01A332817D7770041389C /* Soccer_MatchTests */,
				32A01A3D2817D7770041389C /* Soccer_MatchUITests */,
			);
		};
/* End PBXProject section */

/* Begin PBXResourcesBuildPhase section */
		32A01A222817D7760041389C /* Resources */ = {
			isa = PBXResourcesBuildPhase;
			buildActionMask = 2147483647;
			files = (
				32A01A2F2817D7760041389C /* Preview Assets.xcassets in Resources */,
				32A01A2C2817D7760041389C /* Assets.xcassets in Resources */,
				32A01A612817E7820041389C /* BM JUA_OTF.otf in Resources */,
				32A01A622817E7980041389C /* Soccer-Match-Info.plist in Resources */,
				32AD772F281827930031D97D /* GmarketSansTTFMedium.ttf in Resources */,
			);
			runOnlyForDeploymentPostprocessing = 0;
		};
		32A01A322817D7770041389C /* Resources */ = {
			isa = PBXResourcesBuildPhase;
			buildActionMask = 2147483647;
			files = (
			);
			runOnlyForDeploymentPostprocessing = 0;
		};
		32A01A3C2817D7770041389C /* Resources */ = {
			isa = PBXResourcesBuildPhase;
			buildActionMask = 2147483647;
			files = (
			);
			runOnlyForDeploymentPostprocessing = 0;
		};
/* End PBXResourcesBuildPhase section */

/* Begin PBXSourcesBuildPhase section */
		32A01A202817D7760041389C /* Sources */ = {
			isa = PBXSourcesBuildPhase;
			buildActionMask = 2147483647;
			files = (
				32A01A2A2817D7760041389C /* ContentView.swift in Sources */,
				32A01A532817D8A90041389C /* LaunchPageView.swift in Sources */,
				32AD773128182E2D0031D97D /* MainButtonStyle.swift in Sources */,
				32AD772D28181C4D0031D97D /* MainPageView.swift in Sources */,
				32A01A282817D7760041389C /* Soccer_MatchApp.swift in Sources */,
				32AC128628180C29001F1A0A /* LoginPageView.swift in Sources */,
			);
			runOnlyForDeploymentPostprocessing = 0;
		};
		32A01A302817D7770041389C /* Sources */ = {
			isa = PBXSourcesBuildPhase;
			buildActionMask = 2147483647;
			files = (
				32A01A392817D7770041389C /* Soccer_MatchTests.swift in Sources */,
			);
			runOnlyForDeploymentPostprocessing = 0;
		};
		32A01A3A2817D7770041389C /* Sources */ = {
			isa = PBXSourcesBuildPhase;
			buildActionMask = 2147483647;
			files = (
				32A01A432817D7770041389C /* Soccer_MatchUITests.swift in Sources */,
				32A01A452817D7770041389C /* Soccer_MatchUITestsLaunchTests.swift in Sources */,
			);
			runOnlyForDeploymentPostprocessing = 0;
		};
/* End PBXSourcesBuildPhase section */

/* Begin PBXTargetDependency section */
		32A01A362817D7770041389C /* PBXTargetDependency */ = {
			isa = PBXTargetDependency;
			target = 32A01A232817D7760041389C /* Soccer_Match */;
			targetProxy = 32A01A352817D7770041389C /* PBXContainerItemProxy */;
		};
		32A01A402817D7770041389C /* PBXTargetDependency */ = {
			isa = PBXTargetDependency;
			target = 32A01A232817D7760041389C /* Soccer_Match */;
			targetProxy = 32A01A3F2817D7770041389C /* PBXContainerItemProxy */;
		};
/* End PBXTargetDependency section */

/* Begin XCBuildConfiguration section */
		32A01A462817D7770041389C /* Debug */ = {
			isa = XCBuildConfiguration;
			buildSettings = {
				ALWAYS_SEARCH_USER_PATHS = NO;
				CLANG_ANALYZER_NONNULL = YES;
				CLANG_ANALYZER_NUMBER_OBJECT_CONVERSION = YES_AGGRESSIVE;
				CLANG_CXX_LANGUAGE_STANDARD = "gnu++17";
				CLANG_ENABLE_MODULES = YES;
				CLANG_ENABLE_OBJC_ARC = YES;
				CLANG_ENABLE_OBJC_WEAK = YES;
				CLANG_WARN_BLOCK_CAPTURE_AUTORELEASING = YES;
				CLANG_WARN_BOOL_CONVERSION = YES;
				CLANG_WARN_COMMA = YES;
				CLANG_WARN_CONSTANT_CONVERSION = YES;
				CLANG_WARN_DEPRECATED_OBJC_IMPLEMENTATIONS = YES;
				CLANG_WARN_DIRECT_OBJC_ISA_USAGE = YES_ERROR;
				CLANG_WARN_DOCUMENTATION_COMMENTS = YES;
				CLANG_WARN_EMPTY_BODY = YES;
				CLANG_WARN_ENUM_CONVERSION = YES;
				CLANG_WARN_INFINITE_RECURSION = YES;
				CLANG_WARN_INT_CONVERSION = YES;
				CLANG_WARN_NON_LITERAL_NULL_CONVERSION = YES;
				CLANG_WARN_OBJC_IMPLICIT_RETAIN_SELF = YES;
				CLANG_WARN_OBJC_LITERAL_CONVERSION = YES;
				CLANG_WARN_OBJC_ROOT_CLASS = YES_ERROR;
				CLANG_WARN_QUOTED_INCLUDE_IN_FRAMEWORK_HEADER = YES;
				CLANG_WARN_RANGE_LOOP_ANALYSIS = YES;
				CLANG_WARN_STRICT_PROTOTYPES = YES;
				CLANG_WARN_SUSPICIOUS_MOVE = YES;
				CLANG_WARN_UNGUARDED_AVAILABILITY = YES_AGGRESSIVE;
				CLANG_WARN_UNREACHABLE_CODE = YES;
				CLANG_WARN__DUPLICATE_METHOD_MATCH = YES;
				COPY_PHASE_STRIP = NO;
				DEBUG_INFORMATION_FORMAT = dwarf;
				ENABLE_STRICT_OBJC_MSGSEND = YES;
				ENABLE_TESTABILITY = YES;
				GCC_C_LANGUAGE_STANDARD = gnu11;
				GCC_DYNAMIC_NO_PIC = NO;
				GCC_NO_COMMON_BLOCKS = YES;
				GCC_OPTIMIZATION_LEVEL = 0;
				GCC_PREPROCESSOR_DEFINITIONS = (
					"DEBUG=1",
					"$(inherited)",
				);
				GCC_WARN_64_TO_32_BIT_CONVERSION = YES;
				GCC_WARN_ABOUT_RETURN_TYPE = YES_ERROR;
				GCC_WARN_UNDECLARED_SELECTOR = YES;
				GCC_WARN_UNINITIALIZED_AUTOS = YES_AGGRESSIVE;
				GCC_WARN_UNUSED_FUNCTION = YES;
				GCC_WARN_UNUSED_VARIABLE = YES;
				IPHONEOS_DEPLOYMENT_TARGET = 15.4;
				MTL_ENABLE_DEBUG_INFO = INCLUDE_SOURCE;
				MTL_FAST_MATH = YES;
				ONLY_ACTIVE_ARCH = YES;
				SDKROOT = iphoneos;
				SWIFT_ACTIVE_COMPILATION_CONDITIONS = DEBUG;
				SWIFT_OPTIMIZATION_LEVEL = "-Onone";
			};
			name = Debug;
		};
		32A01A472817D7770041389C /* Release */ = {
			isa = XCBuildConfiguration;
			buildSettings = {
				ALWAYS_SEARCH_USER_PATHS = NO;
				CLANG_ANALYZER_NONNULL = YES;
				CLANG_ANALYZER_NUMBER_OBJECT_CONVERSION = YES_AGGRESSIVE;
				CLANG_CXX_LANGUAGE_STANDARD = "gnu++17";
				CLANG_ENABLE_MODULES = YES;
				CLANG_ENABLE_OBJC_ARC = YES;
				CLANG_ENABLE_OBJC_WEAK = YES;
				CLANG_WARN_BLOCK_CAPTURE_AUTORELEASING = YES;
				CLANG_WARN_BOOL_CONVERSION = YES;
				CLANG_WARN_COMMA = YES;
				CLANG_WARN_CONSTANT_CONVERSION = YES;
				CLANG_WARN_DEPRECATED_OBJC_IMPLEMENTATIONS = YES;
				CLANG_WARN_DIRECT_OBJC_ISA_USAGE = YES_ERROR;
				CLANG_WARN_DOCUMENTATION_COMMENTS = YES;
				CLANG_WARN_EMPTY_BODY = YES;
				CLANG_WARN_ENUM_CONVERSION = YES;
				CLANG_WARN_INFINITE_RECURSION = YES;
				CLANG_WARN_INT_CONVERSION = YES;
				CLANG_WARN_NON_LITERAL_NULL_CONVERSION = YES;
				CLANG_WARN_OBJC_IMPLICIT_RETAIN_SELF = YES;
				CLANG_WARN_OBJC_LITERAL_CONVERSION = YES;
				CLANG_WARN_OBJC_ROOT_CLASS = YES_ERROR;
				CLANG_WARN_QUOTED_INCLUDE_IN_FRAMEWORK_HEADER = YES;
				CLANG_WARN_RANGE_LOOP_ANALYSIS = YES;
				CLANG_WARN_STRICT_PROTOTYPES = YES;
				CLANG_WARN_SUSPICIOUS_MOVE = YES;
				CLANG_WARN_UNGUARDED_AVAILABILITY = YES_AGGRESSIVE;
				CLANG_WARN_UNREACHABLE_CODE = YES;
				CLANG_WARN__DUPLICATE_METHOD_MATCH = YES;
				COPY_PHASE_STRIP = NO;
				DEBUG_INFORMATION_FORMAT = "dwarf-with-dsym";
				ENABLE_NS_ASSERTIONS = NO;
				ENABLE_STRICT_OBJC_MSGSEND = YES;
				GCC_C_LANGUAGE_STANDARD = gnu11;
				GCC_NO_COMMON_BLOCKS = YES;
				GCC_WARN_64_TO_32_BIT_CONVERSION = YES;
				GCC_WARN_ABOUT_RETURN_TYPE = YES_ERROR;
				GCC_WARN_UNDECLARED_SELECTOR = YES;
				GCC_WARN_UNINITIALIZED_AUTOS = YES_AGGRESSIVE;
				GCC_WARN_UNUSED_FUNCTION = YES;
				GCC_WARN_UNUSED_VARIABLE = YES;
				IPHONEOS_DEPLOYMENT_TARGET = 15.4;
				MTL_ENABLE_DEBUG_INFO = NO;
				MTL_FAST_MATH = YES;
				SDKROOT = iphoneos;
				SWIFT_COMPILATION_MODE = wholemodule;
				SWIFT_OPTIMIZATION_LEVEL = "-O";
				VALIDATE_PRODUCT = YES;
			};
			name = Release;
		};
		32A01A492817D7770041389C /* Debug */ = {
			isa = XCBuildConfiguration;
			buildSettings = {
				ASSETCATALOG_COMPILER_APPICON_NAME = AppIcon;
				ASSETCATALOG_COMPILER_GLOBAL_ACCENT_COLOR_NAME = AccentColor;
				CODE_SIGN_STYLE = Automatic;
				CURRENT_PROJECT_VERSION = 1;
				DEVELOPMENT_ASSET_PATHS = "\"Soccer_Match/Preview Content\"";
				DEVELOPMENT_TEAM = FRZRS5Y9L6;
				ENABLE_PREVIEWS = YES;
				GENERATE_INFOPLIST_FILE = YES;
				INFOPLIST_FILE = "Soccer-Match-Info.plist";
				INFOPLIST_KEY_UIApplicationSceneManifest_Generation = YES;
				INFOPLIST_KEY_UIApplicationSupportsIndirectInputEvents = YES;
				INFOPLIST_KEY_UILaunchScreen_Generation = YES;
				INFOPLIST_KEY_UISupportedInterfaceOrientations_iPad = "UIInterfaceOrientationPortrait UIInterfaceOrientationPortraitUpsideDown UIInterfaceOrientationLandscapeLeft UIInterfaceOrientationLandscapeRight";
				INFOPLIST_KEY_UISupportedInterfaceOrientations_iPhone = "UIInterfaceOrientationPortrait UIInterfaceOrientationLandscapeLeft UIInterfaceOrientationLandscapeRight";
				LD_RUNPATH_SEARCH_PATHS = (
					"$(inherited)",
					"@executable_path/Frameworks",
				);
				MARKETING_VERSION = 1.0;
				PRODUCT_BUNDLE_IDENTIFIER = "com.changBro.Soccer-Match";
				PRODUCT_NAME = "$(TARGET_NAME)";
				SWIFT_EMIT_LOC_STRINGS = YES;
				SWIFT_VERSION = 5.0;
				TARGETED_DEVICE_FAMILY = "1,2";
			};
			name = Debug;
		};
		32A01A4A2817D7770041389C /* Release */ = {
			isa = XCBuildConfiguration;
			buildSettings = {
				ASSETCATALOG_COMPILER_APPICON_NAME = AppIcon;
				ASSETCATALOG_COMPILER_GLOBAL_ACCENT_COLOR_NAME = AccentColor;
				CODE_SIGN_STYLE = Automatic;
				CURRENT_PROJECT_VERSION = 1;
				DEVELOPMENT_ASSET_PATHS = "\"Soccer_Match/Preview Content\"";
				DEVELOPMENT_TEAM = FRZRS5Y9L6;
				ENABLE_PREVIEWS = YES;
				GENERATE_INFOPLIST_FILE = YES;
				INFOPLIST_FILE = "Soccer-Match-Info.plist";
				INFOPLIST_KEY_UIApplicationSceneManifest_Generation = YES;
				INFOPLIST_KEY_UIApplicationSupportsIndirectInputEvents = YES;
				INFOPLIST_KEY_UILaunchScreen_Generation = YES;
				INFOPLIST_KEY_UISupportedInterfaceOrientations_iPad = "UIInterfaceOrientationPortrait UIInterfaceOrientationPortraitUpsideDown UIInterfaceOrientationLandscapeLeft UIInterfaceOrientationLandscapeRight";
				INFOPLIST_KEY_UISupportedInterfaceOrientations_iPhone = "UIInterfaceOrientationPortrait UIInterfaceOrientationLandscapeLeft UIInterfaceOrientationLandscapeRight";
				LD_RUNPATH_SEARCH_PATHS = (
					"$(inherited)",
					"@executable_path/Frameworks",
				);
				MARKETING_VERSION = 1.0;
				PRODUCT_BUNDLE_IDENTIFIER = "com.changBro.Soccer-Match";
				PRODUCT_NAME = "$(TARGET_NAME)";
				SWIFT_EMIT_LOC_STRINGS = YES;
				SWIFT_VERSION = 5.0;
				TARGETED_DEVICE_FAMILY = "1,2";
			};
			name = Release;
		};
		32A01A4C2817D7770041389C /* Debug */ = {
			isa = XCBuildConfiguration;
			buildSettings = {
				ALWAYS_EMBED_SWIFT_STANDARD_LIBRARIES = YES;
				BUNDLE_LOADER = "$(TEST_HOST)";
				CODE_SIGN_STYLE = Automatic;
				CURRENT_PROJECT_VERSION = 1;
				GENERATE_INFOPLIST_FILE = YES;
				IPHONEOS_DEPLOYMENT_TARGET = 15.4;
				MARKETING_VERSION = 1.0;
				PRODUCT_BUNDLE_IDENTIFIER = "com.changBro.Soccer-MatchTests";
				PRODUCT_NAME = "$(TARGET_NAME)";
				SWIFT_EMIT_LOC_STRINGS = NO;
				SWIFT_VERSION = 5.0;
				TARGETED_DEVICE_FAMILY = "1,2";
				TEST_HOST = "$(BUILT_PRODUCTS_DIR)/Soccer_Match.app/Soccer_Match";
			};
			name = Debug;
		};
		32A01A4D2817D7770041389C /* Release */ = {
			isa = XCBuildConfiguration;
			buildSettings = {
				ALWAYS_EMBED_SWIFT_STANDARD_LIBRARIES = YES;
				BUNDLE_LOADER = "$(TEST_HOST)";
				CODE_SIGN_STYLE = Automatic;
				CURRENT_PROJECT_VERSION = 1;
				GENERATE_INFOPLIST_FILE = YES;
				IPHONEOS_DEPLOYMENT_TARGET = 15.4;
				MARKETING_VERSION = 1.0;
				PRODUCT_BUNDLE_IDENTIFIER = "com.changBro.Soccer-MatchTests";
				PRODUCT_NAME = "$(TARGET_NAME)";
				SWIFT_EMIT_LOC_STRINGS = NO;
				SWIFT_VERSION = 5.0;
				TARGETED_DEVICE_FAMILY = "1,2";
				TEST_HOST = "$(BUILT_PRODUCTS_DIR)/Soccer_Match.app/Soccer_Match";
			};
			name = Release;
		};
		32A01A4F2817D7770041389C /* Debug */ = {
			isa = XCBuildConfiguration;
			buildSettings = {
				ALWAYS_EMBED_SWIFT_STANDARD_LIBRARIES = YES;
				CODE_SIGN_STYLE = Automatic;
				CURRENT_PROJECT_VERSION = 1;
				GENERATE_INFOPLIST_FILE = YES;
				MARKETING_VERSION = 1.0;
				PRODUCT_BUNDLE_IDENTIFIER = "com.changBro.Soccer-MatchUITests";
				PRODUCT_NAME = "$(TARGET_NAME)";
				SWIFT_EMIT_LOC_STRINGS = NO;
				SWIFT_VERSION = 5.0;
				TARGETED_DEVICE_FAMILY = "1,2";
				TEST_TARGET_NAME = Soccer_Match;
			};
			name = Debug;
		};
		32A01A502817D7770041389C /* Release */ = {
			isa = XCBuildConfiguration;
			buildSettings = {
				ALWAYS_EMBED_SWIFT_STANDARD_LIBRARIES = YES;
				CODE_SIGN_STYLE = Automatic;
				CURRENT_PROJECT_VERSION = 1;
				GENERATE_INFOPLIST_FILE = YES;
				MARKETING_VERSION = 1.0;
				PRODUCT_BUNDLE_IDENTIFIER = "com.changBro.Soccer-MatchUITests";
				PRODUCT_NAME = "$(TARGET_NAME)";
				SWIFT_EMIT_LOC_STRINGS = NO;
				SWIFT_VERSION = 5.0;
				TARGETED_DEVICE_FAMILY = "1,2";
				TEST_TARGET_NAME = Soccer_Match;
			};
			name = Release;
		};
/* End XCBuildConfiguration section */

/* Begin XCConfigurationList section */
		32A01A1F2817D7760041389C /* Build configuration list for PBXProject "Soccer_Match" */ = {
			isa = XCConfigurationList;
			buildConfigurations = (
				32A01A462817D7770041389C /* Debug */,
				32A01A472817D7770041389C /* Release */,
			);
			defaultConfigurationIsVisible = 0;
			defaultConfigurationName = Release;
		};
		32A01A482817D7770041389C /* Build configuration list for PBXNativeTarget "Soccer_Match" */ = {
			isa = XCConfigurationList;
			buildConfigurations = (
				32A01A492817D7770041389C /* Debug */,
				32A01A4A2817D7770041389C /* Release */,
			);
			defaultConfigurationIsVisible = 0;
			defaultConfigurationName = Release;
		};
		32A01A4B2817D7770041389C /* Build configuration list for PBXNativeTarget "Soccer_MatchTests" */ = {
			isa = XCConfigurationList;
			buildConfigurations = (
				32A01A4C2817D7770041389C /* Debug */,
				32A01A4D2817D7770041389C /* Release */,
			);
			defaultConfigurationIsVisible = 0;
			defaultConfigurationName = Release;
		};
		32A01A4E2817D7770041389C /* Build configuration list for PBXNativeTarget "Soccer_MatchUITests" */ = {
			isa = XCConfigurationList;
			buildConfigurations = (
				32A01A4F2817D7770041389C /* Debug */,
				32A01A502817D7770041389C /* Release */,
			);
			defaultConfigurationIsVisible = 0;
			defaultConfigurationName = Release;
		};
/* End XCConfigurationList section */
	};
	rootObject = 32A01A1C2817D7760041389C /* Project object */;
}
